{
  "name": "stellar-classification-parser",
  "version": "1.0.0",
  "lockfileVersion": 1,
  "requires": true,
  "dependencies": {
    "top-down-parser": {
      "version": "1.0.1",
      "resolved": "https://registry.npmjs.org/top-down-parser/-/top-down-parser-1.0.1.tgz",
      "integrity": "sha512-z/D59RhgTphAyFqEjrU/YD8O29t+SRm2zhNxmrrARl0rAvFvI9lGJuoowqHpMizrHLsXk+YYkculX8+LKSlb4g=="
    }
  }
}
