{
  "name": "stellar-classification-parser",
  "version": "1.0.0",
  "lockfileVersion": 1,
  "requires": true,
  "dependencies": {
    "top-down-parser": {
      "version": "1.0.0",
      "resolved": "https://registry.npmjs.org/top-down-parser/-/top-down-parser-1.0.0.tgz",
      "integrity": "sha512-qFAqOoHqPfY+maZPX3GnvWVYq5Ao60fXMZ3xgg9uyMePgqgDigGkBaWW0KbiRYLEo9PmjvUfL6eD7H2tsKTDoQ=="
    }
  }
}
